
Microsoft Visual Studio Solution File, Format Version 12.00
# Visual Studio Version 16
VisualStudioVersion = 16.0.31424.327
MinimumVisualStudioVersion = 10.0.40219.1
Project("{8BC9CEB8-8B4A-11D0-8D11-00A0C91BC942}") = "PowershellMonitor", "PowershellMonitor\PowershellMonitor.vcxproj", "{8225CAD4-1FEE-4CBD-A211-99362A5DD416}"
EndProject
Project("{8BC9CEB8-8B4A-11D0-8D11-00A0C91BC942}") = "PowershellMonitorExec", "PowershellMonitorExec\PowershellMonitorExec.vcxproj", "{F5769B08-B557-4D05-A570-A5FE3CEBF518}"
EndProject
Global
	GlobalSection(SolutionConfigurationPlatforms) = preSolution
		Debug|x64 = Debug|x64
		Debug|x86 = Debug|x86
		Release|x64 = Release|x64
		Release|x86 = Release|x86
	EndGlobalSection
	GlobalSection(ProjectConfigurationPlatforms) = postSolution
		{8225CAD4-1FEE-4CBD-A211-99362A5DD416}.Debug|x64.ActiveCfg = Debug|x64
		{8225CAD4-1FEE-4CBD-A211-99362A5DD416}.Debug|x64.Build.0 = Debug|x64
		{8225CAD4-1FEE-4CBD-A211-99362A5DD416}.Debug|x86.ActiveCfg = Debug|Win32
		{8225CAD4-1FEE-4CBD-A211-99362A5DD416}.Debug|x86.Build.0 = Debug|Win32
		{8225CAD4-1FEE-4CBD-A211-99362A5DD416}.Release|x64.ActiveCfg = Release|x64
		{8225CAD4-1FEE-4CBD-A211-99362A5DD416}.Release|x64.Build.0 = Release|x64
		{8225CAD4-1FEE-4CBD-A211-99362A5DD416}.Release|x86.ActiveCfg = Release|Win32
		{8225CAD4-1FEE-4CBD-A211-99362A5DD416}.Release|x86.Build.0 = Release|Win32
		{F5769B08-B557-4D05-A570-A5FE3CEBF518}.Debug|x64.ActiveCfg = Debug|x64
		{F5769B08-B557-4D05-A570-A5FE3CEBF518}.Debug|x64.Build.0 = Debug|x64
		{F5769B08-B557-4D05-A570-A5FE3CEBF518}.Debug|x86.ActiveCfg = Debug|Win32
		{F5769B08-B557-4D05-A570-A5FE3CEBF518}.Debug|x86.Build.0 = Debug|Win32
		{F5769B08-B557-4D05-A570-A5FE3CEBF518}.Release|x64.ActiveCfg = Release|x64
		{F5769B08-B557-4D05-A570-A5FE3CEBF518}.Release|x64.Build.0 = Release|x64
		{F5769B08-B557-4D05-A570-A5FE3CEBF518}.Release|x86.ActiveCfg = Release|Win32
		{F5769B08-B557-4D05-A570-A5FE3CEBF518}.Release|x86.Build.0 = Release|Win32
	EndGlobalSection
	GlobalSection(SolutionProperties) = preSolution
		HideSolutionNode = FALSE
	EndGlobalSection
	GlobalSection(ExtensibilityGlobals) = postSolution
		SolutionGuid = {3052C909-3BF2-4792-B254-0BEB2CE1D4BA}
	EndGlobalSection
EndGlobal
